
Microsoft Visual Studio Solution File, Format Version 12.00
# Visual Studio 15
VisualStudioVersion = 15.0.28307.572
MinimumVisualStudioVersion = 10.0.40219.1
Project("{FAE04EC0-301F-11D3-BF4B-00C04F79EFBC}") = "Capgemini.PolicyEndorsement.Application", "Capgemini.PolicyEndorsement.Application.csproj", "{8C60563D-0A23-4826-9715-2EEC01FE6B28}"
EndProject
Project("{FAE04EC0-301F-11D3-BF4B-00C04F79EFBC}") = "Capgemini.PolicyEndorsement.Entities", "..\Capgemini.PolicyEndorsement.Entities\Capgemini.PolicyEndorsement.Entities.csproj", "{F1A0303E-0011-4FB5-931A-A8A13BA20ABF}"
EndProject
Project("{FAE04EC0-301F-11D3-BF4B-00C04F79EFBC}") = "Capgemini.PolicyEndorsement.Exceptions", "..\Capgemini.PolicyEndorsement.Exceptions\Capgemini.PolicyEndorsement.Exceptions.csproj", "{47FC2DEE-194B-45A9-9959-C689ECD7DB4C}"
EndProject
Project("{FAE04EC0-301F-11D3-BF4B-00C04F79EFBC}") = "Capgemini.PolicyEndorsement.DataAccessLayer", "..\Capgemini.PolicyEndorsement.DataAccessLayer\Capgemini.PolicyEndorsement.DataAccessLayer.csproj", "{8B4FFB71-ECBA-4960-B8A1-A05B9E7BEF21}"
EndProject
Project("{FAE04EC0-301F-11D3-BF4B-00C04F79EFBC}") = "Capgemini.PolicyEndorsement.BusinessLayer", "..\Capgemini.PolicyEndorsement.BusinessLayer\Capgemini.PolicyEndorsement.BusinessLayer.csproj", "{30EE01BD-D984-4945-BCC0-8BC6EEE024B5}"
EndProject
Global
	GlobalSection(SolutionConfigurationPlatforms) = preSolution
		Debug|Any CPU = Debug|Any CPU
		Release|Any CPU = Release|Any CPU
	EndGlobalSection
	GlobalSection(ProjectConfigurationPlatforms) = postSolution
		{8C60563D-0A23-4826-9715-2EEC01FE6B28}.Debug|Any CPU.ActiveCfg = Debug|Any CPU
		{8C60563D-0A23-4826-9715-2EEC01FE6B28}.Debug|Any CPU.Build.0 = Debug|Any CPU
		{8C60563D-0A23-4826-9715-2EEC01FE6B28}.Release|Any CPU.ActiveCfg = Release|Any CPU
		{8C60563D-0A23-4826-9715-2EEC01FE6B28}.Release|Any CPU.Build.0 = Release|Any CPU
		{F1A0303E-0011-4FB5-931A-A8A13BA20ABF}.Debug|Any CPU.ActiveCfg = Debug|Any CPU
		{F1A0303E-0011-4FB5-931A-A8A13BA20ABF}.Debug|Any CPU.Build.0 = Debug|Any CPU
		{F1A0303E-0011-4FB5-931A-A8A13BA20ABF}.Release|Any CPU.ActiveCfg = Release|Any CPU
		{F1A0303E-0011-4FB5-931A-A8A13BA20ABF}.Release|Any CPU.Build.0 = Release|Any CPU
		{47FC2DEE-194B-45A9-9959-C689ECD7DB4C}.Debug|Any CPU.ActiveCfg = Debug|Any CPU
		{47FC2DEE-194B-45A9-9959-C689ECD7DB4C}.Debug|Any CPU.Build.0 = Debug|Any CPU
		{47FC2DEE-194B-45A9-9959-C689ECD7DB4C}.Release|Any CPU.ActiveCfg = Release|Any CPU
		{47FC2DEE-194B-45A9-9959-C689ECD7DB4C}.Release|Any CPU.Build.0 = Release|Any CPU
		{8B4FFB71-ECBA-4960-B8A1-A05B9E7BEF21}.Debug|Any CPU.ActiveCfg = Debug|Any CPU
		{8B4FFB71-ECBA-4960-B8A1-A05B9E7BEF21}.Debug|Any CPU.Build.0 = Debug|Any CPU
		{8B4FFB71-ECBA-4960-B8A1-A05B9E7BEF21}.Release|Any CPU.ActiveCfg = Release|Any CPU
		{8B4FFB71-ECBA-4960-B8A1-A05B9E7BEF21}.Release|Any CPU.Build.0 = Release|Any CPU
		{30EE01BD-D984-4945-BCC0-8BC6EEE024B5}.Debug|Any CPU.ActiveCfg = Debug|Any CPU
		{30EE01BD-D984-4945-BCC0-8BC6EEE024B5}.Debug|Any CPU.Build.0 = Debug|Any CPU
		{30EE01BD-D984-4945-BCC0-8BC6EEE024B5}.Release|Any CPU.ActiveCfg = Release|Any CPU
		{30EE01BD-D984-4945-BCC0-8BC6EEE024B5}.Release|Any CPU.Build.0 = Release|Any CPU
	EndGlobalSection
	GlobalSection(SolutionProperties) = preSolution
		HideSolutionNode = FALSE
	EndGlobalSection
	GlobalSection(ExtensibilityGlobals) = postSolution
		SolutionGuid = {1EC559E1-264D-42F5-8714-306D62031C53}
	EndGlobalSection
EndGlobal
